
Microsoft Visual Studio Solution File, Format Version 12.00
# Visual Studio Version 16
VisualStudioVersion = 16.0.30804.86
MinimumVisualStudioVersion = 10.0.40219.1
Project("{FAE04EC0-301F-11D3-BF4B-00C04F79EFBC}") = "LevenshteinDistance", "LevenshteinDistance\LevenshteinDistance.csproj", "{44F333B0-11E9-40AC-9D20-453E5EAEA0EC}"
EndProject
Global
	GlobalSection(SolutionConfigurationPlatforms) = preSolution
		Debug|Any CPU = Debug|Any CPU
		Release|Any CPU = Release|Any CPU
	EndGlobalSection
	GlobalSection(ProjectConfigurationPlatforms) = postSolution
		{44F333B0-11E9-40AC-9D20-453E5EAEA0EC}.Debug|Any CPU.ActiveCfg = Debug|Any CPU
		{44F333B0-11E9-40AC-9D20-453E5EAEA0EC}.Debug|Any CPU.Build.0 = Debug|Any CPU
		{44F333B0-11E9-40AC-9D20-453E5EAEA0EC}.Release|Any CPU.ActiveCfg = Release|Any CPU
		{44F333B0-11E9-40AC-9D20-453E5EAEA0EC}.Release|Any CPU.Build.0 = Release|Any CPU
	EndGlobalSection
	GlobalSection(SolutionProperties) = preSolution
		HideSolutionNode = FALSE
	EndGlobalSection
	GlobalSection(ExtensibilityGlobals) = postSolution
		SolutionGuid = {E6E7DCBD-18CD-478E-AB9D-D68A4019708C}
	EndGlobalSection
EndGlobal
